// !$*UTF8*$!
{
	archiveVersion = 1;
	classes = {
	};
	objectVersion = 46;
	objects = {

/* Begin PBXBuildFile section */
		7766E3F756947E3F5BA63FF0 /* libPods.a in Frameworks */ = {isa = PBXBuildFile; fileRef = 7DE538A6BC80B0B11A4FD995 /* libPods.a */; };
		EC68578E1DD47F3800E4C870 /* G1KPlayerViewController.xib in Resources */ = {isa = PBXBuildFile; fileRef = EC68578D1DD47F3800E4C870 /* G1KPlayerViewController.xib */; };
		ECBD15711DD55D7B005C7B78 /* UIImage+ImageEffects.m in Sources */ = {isa = PBXBuildFile; fileRef = ECBD156F1DD55D7B005C7B78 /* UIImage+ImageEffects.m */; };
		ECCB70441DD2F052009DDC69 /* G1KMusicViewController.m in Sources */ = {isa = PBXBuildFile; fileRef = ECCB70431DD2F052009DDC69 /* G1KMusicViewController.m */; };
		ECCB704A1DD2F14C009DDC69 /* G1KMusicModel.m in Sources */ = {isa = PBXBuildFile; fileRef = ECCB70491DD2F14C009DDC69 /* G1KMusicModel.m */; };
		ECCB70531DD2F1A2009DDC69 /* musicPaper.json in Resources */ = {isa = PBXBuildFile; fileRef = ECCB70521DD2F1A2009DDC69 /* musicPaper.json */; };
		ECCB70591DD312F1009DDC69 /* G1KRotaionView.m in Sources */ = {isa = PBXBuildFile; fileRef = ECCB70581DD312F1009DDC69 /* G1KRotaionView.m */; };
		ECCB705D1DD32E19009DDC69 /* NSString+G1KTimeChangeStr.m in Sources */ = {isa = PBXBuildFile; fileRef = ECCB705C1DD32E19009DDC69 /* NSString+G1KTimeChangeStr.m */; };
		ECD9DB711DD41CE80029B282 /* G1KPlayerViewController.m in Sources */ = {isa = PBXBuildFile; fileRef = ECD9DB6F1DD41CE80029B282 /* G1KPlayerViewController.m */; };
		ECD9DB751DD421360029B282 /* G1KPlayerViewController+G1KExtension.m in Sources */ = {isa = PBXBuildFile; fileRef = ECD9DB741DD421360029B282 /* G1KPlayerViewController+G1KExtension.m */; };
		ECD9DB781DD423D80029B282 /* UIImage+G1KExstension.m in Sources */ = {isa = PBXBuildFile; fileRef = ECD9DB771DD423D80029B282 /* UIImage+G1KExstension.m */; };
		ECEF8EF81DCC5B1500B2BDAC /* G1KTopView.m in Sources */ = {isa = PBXBuildFile; fileRef = ECEF8EF71DCC5B1500B2BDAC /* G1KTopView.m */; };
		ECEF8EFB1DCC5DFF00B2BDAC /* G1KCollectionViewCell.m in Sources */ = {isa = PBXBuildFile; fileRef = ECEF8EFA1DCC5DFF00B2BDAC /* G1KCollectionViewCell.m */; };
		ECFA2EAD1DD1740B0079BD3F /* UIView+G1KExtension.m in Sources */ = {isa = PBXBuildFile; fileRef = ECFA2EAC1DD1740B0079BD3F /* UIView+G1KExtension.m */; };
		ECFF0EEA1DC9864200A976AE /* main.m in Sources */ = {isa = PBXBuildFile; fileRef = ECFF0EE91DC9864200A976AE /* main.m */; };
		ECFF0EF31DC9864200A976AE /* Main.storyboard in Resources */ = {isa = PBXBuildFile; fileRef = ECFF0EF11DC9864200A976AE /* Main.storyboard */; };
		ECFF0EF51DC9864200A976AE /* Assets.xcassets in Resources */ = {isa = PBXBuildFile; fileRef = ECFF0EF41DC9864200A976AE /* Assets.xcassets */; };
		ECFF0EF81DC9864200A976AE /* LaunchScreen.storyboard in Resources */ = {isa = PBXBuildFile; fileRef = ECFF0EF61DC9864200A976AE /* LaunchScreen.storyboard */; };
		ECFF0F031DC9864200A976AE /* G1KProjectTests.m in Sources */ = {isa = PBXBuildFile; fileRef = ECFF0F021DC9864200A976AE /* G1KProjectTests.m */; };
		ECFF0F0E1DC9864200A976AE /* G1KProjectUITests.m in Sources */ = {isa = PBXBuildFile; fileRef = ECFF0F0D1DC9864200A976AE /* G1KProjectUITests.m */; };
		ECFF0F1E1DC986A500A976AE /* G1KAppDelegate.m in Sources */ = {isa = PBXBuildFile; fileRef = ECFF0F1D1DC986A500A976AE /* G1KAppDelegate.m */; };
		ECFF0F281DC987F300A976AE /* G1KTabBarView.m in Sources */ = {isa = PBXBuildFile; fileRef = ECFF0F271DC987F300A976AE /* G1KTabBarView.m */; };
		ECFF0F2B1DC98C9600A976AE /* G1KTabButton.m in Sources */ = {isa = PBXBuildFile; fileRef = ECFF0F2A1DC98C9600A976AE /* G1KTabButton.m */; };
		ECFF0F301DC99A5C00A976AE /* G1KTabBarController.m in Sources */ = {isa = PBXBuildFile; fileRef = ECFF0F2F1DC99A5C00A976AE /* G1KTabBarController.m */; };
		ECFF0F331DC9AA7200A976AE /* G1KHomeViewController.m in Sources */ = {isa = PBXBuildFile; fileRef = ECFF0F321DC9AA7200A976AE /* G1KHomeViewController.m */; };
		ECFF0F361DC9AA7E00A976AE /* G1KDicoverViewController.m in Sources */ = {isa = PBXBuildFile; fileRef = ECFF0F351DC9AA7E00A976AE /* G1KDicoverViewController.m */; };
		ECFF0F391DC9AA8900A976AE /* G1KMyViewController.m in Sources */ = {isa = PBXBuildFile; fileRef = ECFF0F381DC9AA8900A976AE /* G1KMyViewController.m */; };
		ECFF0F3C1DC9AA9100A976AE /* G1KThemViewController.m in Sources */ = {isa = PBXBuildFile; fileRef = ECFF0F3B1DC9AA9100A976AE /* G1KThemViewController.m */; };
		ECFF0F3F1DC9AE1000A976AE /* G1KNavigationController.m in Sources */ = {isa = PBXBuildFile; fileRef = ECFF0F3E1DC9AE1000A976AE /* G1KNavigationController.m */; };
		ECFF0F431DC9C53E00A976AE /* G1KTopTabView.m in Sources */ = {isa = PBXBuildFile; fileRef = ECFF0F421DC9C53E00A976AE /* G1KTopTabView.m */; };
		ECFF0F501DC9EBAF00A976AE /* G1KPageViewController.m in Sources */ = {isa = PBXBuildFile; fileRef = ECFF0F4F1DC9EBAF00A976AE /* G1KPageViewController.m */; };
/* End PBXBuildFile section */

/* Begin PBXContainerItemProxy section */
		ECFF0EFF1DC9864200A976AE /* PBXContainerItemProxy */ = {
			isa = PBXContainerItemProxy;
			containerPortal = ECFF0EDD1DC9864200A976AE /* Project object */;
			proxyType = 1;
			remoteGlobalIDString = ECFF0EE41DC9864200A976AE;
			remoteInfo = G1KProject;
		};
		ECFF0F0A1DC9864200A976AE /* PBXContainerItemProxy */ = {
			isa = PBXContainerItemProxy;
			containerPortal = ECFF0EDD1DC9864200A976AE /* Project object */;
			proxyType = 1;
			remoteGlobalIDString = ECFF0EE41DC9864200A976AE;
			remoteInfo = G1KProject;
		};
/* End PBXContainerItemProxy section */

/* Begin PBXFileReference section */
		08CBB6B90D0783F65ACBB926 /* Pods.debug.xcconfig */ = {isa = PBXFileReference; includeInIndex = 1; lastKnownFileType = text.xcconfig; name = Pods.debug.xcconfig; path = "Pods/Target Support Files/Pods/Pods.debug.xcconfig"; sourceTree = "<group>"; };
		1464CBE238F892E1E9D9D738 /* Pods.release.xcconfig */ = {isa = PBXFileReference; includeInIndex = 1; lastKnownFileType = text.xcconfig; name = Pods.release.xcconfig; path = "Pods/Target Support Files/Pods/Pods.release.xcconfig"; sourceTree = "<group>"; };
		7DE538A6BC80B0B11A4FD995 /* libPods.a */ = {isa = PBXFileReference; explicitFileType = archive.ar; includeInIndex = 0; path = libPods.a; sourceTree = BUILT_PRODUCTS_DIR; };
		EC68578D1DD47F3800E4C870 /* G1KPlayerViewController.xib */ = {isa = PBXFileReference; fileEncoding = 4; lastKnownFileType = file.xib; path = G1KPlayerViewController.xib; sourceTree = "<group>"; };
		ECBD156E1DD55D7B005C7B78 /* UIImage+ImageEffects.h */ = {isa = PBXFileReference; fileEncoding = 4; lastKnownFileType = sourcecode.c.h; path = "UIImage+ImageEffects.h"; sourceTree = "<group>"; };
		ECBD156F1DD55D7B005C7B78 /* UIImage+ImageEffects.m */ = {isa = PBXFileReference; fileEncoding = 4; lastKnownFileType = sourcecode.c.objc; path = "UIImage+ImageEffects.m"; sourceTree = "<group>"; };
		ECCB70421DD2F052009DDC69 /* G1KMusicViewController.h */ = {isa = PBXFileReference; fileEncoding = 4; lastKnownFileType = sourcecode.c.h; path = G1KMusicViewController.h; sourceTree = "<group>"; };
		ECCB70431DD2F052009DDC69 /* G1KMusicViewController.m */ = {isa = PBXFileReference; fileEncoding = 4; lastKnownFileType = sourcecode.c.objc; path = G1KMusicViewController.m; sourceTree = "<group>"; };
		ECCB70481DD2F14C009DDC69 /* G1KMusicModel.h */ = {isa = PBXFileReference; fileEncoding = 4; lastKnownFileType = sourcecode.c.h; path = G1KMusicModel.h; sourceTree = "<group>"; };
		ECCB70491DD2F14C009DDC69 /* G1KMusicModel.m */ = {isa = PBXFileReference; fileEncoding = 4; lastKnownFileType = sourcecode.c.objc; path = G1KMusicModel.m; sourceTree = "<group>"; };
		ECCB70521DD2F1A2009DDC69 /* musicPaper.json */ = {isa = PBXFileReference; fileEncoding = 4; lastKnownFileType = text.json; path = musicPaper.json; sourceTree = "<group>"; };
		ECCB70571DD312F1009DDC69 /* G1KRotaionView.h */ = {isa = PBXFileReference; fileEncoding = 4; lastKnownFileType = sourcecode.c.h; path = G1KRotaionView.h; sourceTree = "<group>"; };
		ECCB70581DD312F1009DDC69 /* G1KRotaionView.m */ = {isa = PBXFileReference; fileEncoding = 4; lastKnownFileType = sourcecode.c.objc; path = G1KRotaionView.m; sourceTree = "<group>"; };
		ECCB705B1DD32E19009DDC69 /* NSString+G1KTimeChangeStr.h */ = {isa = PBXFileReference; fileEncoding = 4; lastKnownFileType = sourcecode.c.h; path = "NSString+G1KTimeChangeStr.h"; sourceTree = "<group>"; };
		ECCB705C1DD32E19009DDC69 /* NSString+G1KTimeChangeStr.m */ = {isa = PBXFileReference; fileEncoding = 4; lastKnownFileType = sourcecode.c.objc; path = "NSString+G1KTimeChangeStr.m"; sourceTree = "<group>"; };
		ECD9DB6E1DD41CE80029B282 /* G1KPlayerViewController.h */ = {isa = PBXFileReference; fileEncoding = 4; lastKnownFileType = sourcecode.c.h; path = G1KPlayerViewController.h; sourceTree = "<group>"; };
		ECD9DB6F1DD41CE80029B282 /* G1KPlayerViewController.m */ = {isa = PBXFileReference; fileEncoding = 4; lastKnownFileType = sourcecode.c.objc; path = G1KPlayerViewController.m; sourceTree = "<group>"; };
		ECD9DB731DD421360029B282 /* G1KPlayerViewController+G1KExtension.h */ = {isa = PBXFileReference; fileEncoding = 4; lastKnownFileType = sourcecode.c.h; path = "G1KPlayerViewController+G1KExtension.h"; sourceTree = "<group>"; };
		ECD9DB741DD421360029B282 /* G1KPlayerViewController+G1KExtension.m */ = {isa = PBXFileReference; fileEncoding = 4; lastKnownFileType = sourcecode.c.objc; path = "G1KPlayerViewController+G1KExtension.m"; sourceTree = "<group>"; };
		ECD9DB761DD423D80029B282 /* UIImage+G1KExstension.h */ = {isa = PBXFileReference; fileEncoding = 4; lastKnownFileType = sourcecode.c.h; path = "UIImage+G1KExstension.h"; sourceTree = "<group>"; };
		ECD9DB771DD423D80029B282 /* UIImage+G1KExstension.m */ = {isa = PBXFileReference; fileEncoding = 4; lastKnownFileType = sourcecode.c.objc; path = "UIImage+G1KExstension.m"; sourceTree = "<group>"; };
		ECEF8EF61DCC5B1500B2BDAC /* G1KTopView.h */ = {isa = PBXFileReference; fileEncoding = 4; lastKnownFileType = sourcecode.c.h; path = G1KTopView.h; sourceTree = "<group>"; };
		ECEF8EF71DCC5B1500B2BDAC /* G1KTopView.m */ = {isa = PBXFileReference; fileEncoding = 4; lastKnownFileType = sourcecode.c.objc; path = G1KTopView.m; sourceTree = "<group>"; };
		ECEF8EF91DCC5DFF00B2BDAC /* G1KCollectionViewCell.h */ = {isa = PBXFileReference; fileEncoding = 4; lastKnownFileType = sourcecode.c.h; path = G1KCollectionViewCell.h; sourceTree = "<group>"; };
		ECEF8EFA1DCC5DFF00B2BDAC /* G1KCollectionViewCell.m */ = {isa = PBXFileReference; fileEncoding = 4; lastKnownFileType = sourcecode.c.objc; path = G1KCollectionViewCell.m; sourceTree = "<group>"; };
		ECFA2EAB1DD1740B0079BD3F /* UIView+G1KExtension.h */ = {isa = PBXFileReference; fileEncoding = 4; lastKnownFileType = sourcecode.c.h; path = "UIView+G1KExtension.h"; sourceTree = "<group>"; };
		ECFA2EAC1DD1740B0079BD3F /* UIView+G1KExtension.m */ = {isa = PBXFileReference; fileEncoding = 4; lastKnownFileType = sourcecode.c.objc; path = "UIView+G1KExtension.m"; sourceTree = "<group>"; };
		ECFF0EE51DC9864200A976AE /* G1KProject.app */ = {isa = PBXFileReference; explicitFileType = wrapper.application; includeInIndex = 0; path = G1KProject.app; sourceTree = BUILT_PRODUCTS_DIR; };
		ECFF0EE91DC9864200A976AE /* main.m */ = {isa = PBXFileReference; lastKnownFileType = sourcecode.c.objc; path = main.m; sourceTree = "<group>"; };
		ECFF0EF21DC9864200A976AE /* Base */ = {isa = PBXFileReference; lastKnownFileType = file.storyboard; name = Base; path = Base.lproj/Main.storyboard; sourceTree = "<group>"; };
		ECFF0EF41DC9864200A976AE /* Assets.xcassets */ = {isa = PBXFileReference; lastKnownFileType = folder.assetcatalog; path = Assets.xcassets; sourceTree = "<group>"; };
		ECFF0EF71DC9864200A976AE /* Base */ = {isa = PBXFileReference; lastKnownFileType = file.storyboard; name = Base; path = Base.lproj/LaunchScreen.storyboard; sourceTree = "<group>"; };
		ECFF0EF91DC9864200A976AE /* Info.plist */ = {isa = PBXFileReference; lastKnownFileType = text.plist.xml; path = Info.plist; sourceTree = "<group>"; };
		ECFF0EFE1DC9864200A976AE /* G1KProjectTests.xctest */ = {isa = PBXFileReference; explicitFileType = wrapper.cfbundle; includeInIndex = 0; path = G1KProjectTests.xctest; sourceTree = BUILT_PRODUCTS_DIR; };
		ECFF0F021DC9864200A976AE /* G1KProjectTests.m */ = {isa = PBXFileReference; lastKnownFileType = sourcecode.c.objc; path = G1KProjectTests.m; sourceTree = "<group>"; };
		ECFF0F041DC9864200A976AE /* Info.plist */ = {isa = PBXFileReference; lastKnownFileType = text.plist.xml; path = Info.plist; sourceTree = "<group>"; };
		ECFF0F091DC9864200A976AE /* G1KProjectUITests.xctest */ = {isa = PBXFileReference; explicitFileType = wrapper.cfbundle; includeInIndex = 0; path = G1KProjectUITests.xctest; sourceTree = BUILT_PRODUCTS_DIR; };
		ECFF0F0D1DC9864200A976AE /* G1KProjectUITests.m */ = {isa = PBXFileReference; lastKnownFileType = sourcecode.c.objc; path = G1KProjectUITests.m; sourceTree = "<group>"; };
		ECFF0F0F1DC9864200A976AE /* Info.plist */ = {isa = PBXFileReference; lastKnownFileType = text.plist.xml; path = Info.plist; sourceTree = "<group>"; };
		ECFF0F1C1DC986A500A976AE /* G1KAppDelegate.h */ = {isa = PBXFileReference; fileEncoding = 4; lastKnownFileType = sourcecode.c.h; path = G1KAppDelegate.h; sourceTree = "<group>"; };
		ECFF0F1D1DC986A500A976AE /* G1KAppDelegate.m */ = {isa = PBXFileReference; fileEncoding = 4; lastKnownFileType = sourcecode.c.objc; path = G1KAppDelegate.m; sourceTree = "<group>"; };
		ECFF0F261DC987F300A976AE /* G1KTabBarView.h */ = {isa = PBXFileReference; fileEncoding = 4; lastKnownFileType = sourcecode.c.h; path = G1KTabBarView.h; sourceTree = "<group>"; };
		ECFF0F271DC987F300A976AE /* G1KTabBarView.m */ = {isa = PBXFileReference; fileEncoding = 4; lastKnownFileType = sourcecode.c.objc; path = G1KTabBarView.m; sourceTree = "<group>"; };
		ECFF0F291DC98C9500A976AE /* G1KTabButton.h */ = {isa = PBXFileReference; fileEncoding = 4; lastKnownFileType = sourcecode.c.h; path = G1KTabButton.h; sourceTree = "<group>"; };
		ECFF0F2A1DC98C9600A976AE /* G1KTabButton.m */ = {isa = PBXFileReference; fileEncoding = 4; lastKnownFileType = sourcecode.c.objc; path = G1KTabButton.m; sourceTree = "<group>"; };
		ECFF0F2D1DC990BC00A976AE /* PrefixHeader.pch */ = {isa = PBXFileReference; fileEncoding = 4; lastKnownFileType = sourcecode.c.h; path = PrefixHeader.pch; sourceTree = "<group>"; };
		ECFF0F2E1DC99A5C00A976AE /* G1KTabBarController.h */ = {isa = PBXFileReference; fileEncoding = 4; lastKnownFileType = sourcecode.c.h; path = G1KTabBarController.h; sourceTree = "<group>"; };
		ECFF0F2F1DC99A5C00A976AE /* G1KTabBarController.m */ = {isa = PBXFileReference; fileEncoding = 4; lastKnownFileType = sourcecode.c.objc; path = G1KTabBarController.m; sourceTree = "<group>"; };
		ECFF0F311DC9AA7200A976AE /* G1KHomeViewController.h */ = {isa = PBXFileReference; fileEncoding = 4; lastKnownFileType = sourcecode.c.h; path = G1KHomeViewController.h; sourceTree = "<group>"; };
		ECFF0F321DC9AA7200A976AE /* G1KHomeViewController.m */ = {isa = PBXFileReference; fileEncoding = 4; lastKnownFileType = sourcecode.c.objc; path = G1KHomeViewController.m; sourceTree = "<group>"; };
		ECFF0F341DC9AA7E00A976AE /* G1KDicoverViewController.h */ = {isa = PBXFileReference; fileEncoding = 4; lastKnownFileType = sourcecode.c.h; path = G1KDicoverViewController.h; sourceTree = "<group>"; };
		ECFF0F351DC9AA7E00A976AE /* G1KDicoverViewController.m */ = {isa = PBXFileReference; fileEncoding = 4; lastKnownFileType = sourcecode.c.objc; path = G1KDicoverViewController.m; sourceTree = "<group>"; };
		ECFF0F371DC9AA8900A976AE /* G1KMyViewController.h */ = {isa = PBXFileReference; fileEncoding = 4; lastKnownFileType = sourcecode.c.h; path = G1KMyViewController.h; sourceTree = "<group>"; };
		ECFF0F381DC9AA8900A976AE /* G1KMyViewController.m */ = {isa = PBXFileReference; fileEncoding = 4; lastKnownFileType = sourcecode.c.objc; path = G1KMyViewController.m; sourceTree = "<group>"; };
		ECFF0F3A1DC9AA9100A976AE /* G1KThemViewController.h */ = {isa = PBXFileReference; fileEncoding = 4; lastKnownFileType = sourcecode.c.h; path = G1KThemViewController.h; sourceTree = "<group>"; };
		ECFF0F3B1DC9AA9100A976AE /* G1KThemViewController.m */ = {isa = PBXFileReference; fileEncoding = 4; lastKnownFileType = sourcecode.c.objc; path = G1KThemViewController.m; sourceTree = "<group>"; };
		ECFF0F3D1DC9AE1000A976AE /* G1KNavigationController.h */ = {isa = PBXFileReference; fileEncoding = 4; lastKnownFileType = sourcecode.c.h; path = G1KNavigationController.h; sourceTree = "<group>"; };
		ECFF0F3E1DC9AE1000A976AE /* G1KNavigationController.m */ = {isa = PBXFileReference; fileEncoding = 4; lastKnownFileType = sourcecode.c.objc; path = G1KNavigationController.m; sourceTree = "<group>"; };
		ECFF0F411DC9C53E00A976AE /* G1KTopTabView.h */ = {isa = PBXFileReference; fileEncoding = 4; lastKnownFileType = sourcecode.c.h; path = G1KTopTabView.h; sourceTree = "<group>"; };
		ECFF0F421DC9C53E00A976AE /* G1KTopTabView.m */ = {isa = PBXFileReference; fileEncoding = 4; lastKnownFileType = sourcecode.c.objc; path = G1KTopTabView.m; sourceTree = "<group>"; };
		ECFF0F4E1DC9EBAF00A976AE /* G1KPageViewController.h */ = {isa = PBXFileReference; fileEncoding = 4; lastKnownFileType = sourcecode.c.h; path = G1KPageViewController.h; sourceTree = "<group>"; };
		ECFF0F4F1DC9EBAF00A976AE /* G1KPageViewController.m */ = {isa = PBXFileReference; fileEncoding = 4; lastKnownFileType = sourcecode.c.objc; path = G1KPageViewController.m; sourceTree = "<group>"; };
/* End PBXFileReference section */

/* Begin PBXFrameworksBuildPhase section */
		ECFF0EE21DC9864200A976AE /* Frameworks */ = {
			isa = PBXFrameworksBuildPhase;
			buildActionMask = 2147483647;
			files = (
				7766E3F756947E3F5BA63FF0 /* libPods.a in Frameworks */,
			);
			runOnlyForDeploymentPostprocessing = 0;
		};
		ECFF0EFB1DC9864200A976AE /* Frameworks */ = {
			isa = PBXFrameworksBuildPhase;
			buildActionMask = 2147483647;
			files = (
			);
			runOnlyForDeploymentPostprocessing = 0;
		};
		ECFF0F061DC9864200A976AE /* Frameworks */ = {
			isa = PBXFrameworksBuildPhase;
			buildActionMask = 2147483647;
			files = (
			);
			runOnlyForDeploymentPostprocessing = 0;
		};
/* End PBXFrameworksBuildPhase section */

/* Begin PBXGroup section */
		28BD0753875C8549AA7F84B2 /* Frameworks */ = {
			isa = PBXGroup;
			children = (
				7DE538A6BC80B0B11A4FD995 /* libPods.a */,
			);
			name = Frameworks;
			sourceTree = "<group>";
		};
		3B59F9EF57DC24ED6DDE87AC /* Pods */ = {
			isa = PBXGroup;
			children = (
				08CBB6B90D0783F65ACBB926 /* Pods.debug.xcconfig */,
				1464CBE238F892E1E9D9D738 /* Pods.release.xcconfig */,
			);
			name = Pods;
			sourceTree = "<group>";
		};
		ECCB70411DD2F01E009DDC69 /* Music */ = {
			isa = PBXGroup;
			children = (
				ECCB70511DD2F18D009DDC69 /* Json */,
				ECCB70471DD2F127009DDC69 /* Audio */,
				ECCB70461DD2F111009DDC69 /* RotaionView */,
				ECCB70451DD2F0F7009DDC69 /* Model */,
				ECCB70421DD2F052009DDC69 /* G1KMusicViewController.h */,
				ECCB70431DD2F052009DDC69 /* G1KMusicViewController.m */,
			);
			name = Music;
			sourceTree = "<group>";
		};
		ECCB70451DD2F0F7009DDC69 /* Model */ = {
			isa = PBXGroup;
			children = (
				ECCB70481DD2F14C009DDC69 /* G1KMusicModel.h */,
				ECCB70491DD2F14C009DDC69 /* G1KMusicModel.m */,
			);
			name = Model;
			sourceTree = "<group>";
		};
		ECCB70461DD2F111009DDC69 /* RotaionView */ = {
			isa = PBXGroup;
			children = (
				ECCB70571DD312F1009DDC69 /* G1KRotaionView.h */,
				ECCB70581DD312F1009DDC69 /* G1KRotaionView.m */,
			);
			name = RotaionView;
			sourceTree = "<group>";
		};
		ECCB70471DD2F127009DDC69 /* Audio */ = {
			isa = PBXGroup;
			children = (
				ECD9DB6E1DD41CE80029B282 /* G1KPlayerViewController.h */,
				ECD9DB6F1DD41CE80029B282 /* G1KPlayerViewController.m */,
				EC68578D1DD47F3800E4C870 /* G1KPlayerViewController.xib */,
				ECD9DB731DD421360029B282 /* G1KPlayerViewController+G1KExtension.h */,
				ECD9DB741DD421360029B282 /* G1KPlayerViewController+G1KExtension.m */,
			);
			name = Audio;
			sourceTree = "<group>";
		};
		ECCB70511DD2F18D009DDC69 /* Json */ = {
			isa = PBXGroup;
			children = (
				ECCB70521DD2F1A2009DDC69 /* musicPaper.json */,
			);
			name = Json;
			sourceTree = "<group>";
		};
		ECCB705A1DD32DF3009DDC69 /* Tools */ = {
			isa = PBXGroup;
			children = (
				ECBD156E1DD55D7B005C7B78 /* UIImage+ImageEffects.h */,
				ECBD156F1DD55D7B005C7B78 /* UIImage+ImageEffects.m */,
				ECCB705B1DD32E19009DDC69 /* NSString+G1KTimeChangeStr.h */,
				ECCB705C1DD32E19009DDC69 /* NSString+G1KTimeChangeStr.m */,
				ECD9DB761DD423D80029B282 /* UIImage+G1KExstension.h */,
				ECD9DB771DD423D80029B282 /* UIImage+G1KExstension.m */,
			);
			name = Tools;
			sourceTree = "<group>";
		};
		ECFA2EA51DD1663A0079BD3F /* G1KRefresh */ = {
			isa = PBXGroup;
			children = (
			);
			name = G1KRefresh;
			sourceTree = "<group>";
		};
		ECFA2EA61DD1734C0079BD3F /* G1KView */ = {
			isa = PBXGroup;
			children = (
				ECFA2EAB1DD1740B0079BD3F /* UIView+G1KExtension.h */,
				ECFA2EAC1DD1740B0079BD3F /* UIView+G1KExtension.m */,
			);
			name = G1KView;
			sourceTree = "<group>";
		};
		ECFF0EDC1DC9864200A976AE = {
			isa = PBXGroup;
			children = (
				ECFF0EE71DC9864200A976AE /* G1KProject */,
				ECFF0F011DC9864200A976AE /* G1KProjectTests */,
				ECFF0F0C1DC9864200A976AE /* G1KProjectUITests */,
				ECFF0EE61DC9864200A976AE /* Products */,
				3B59F9EF57DC24ED6DDE87AC /* Pods */,
				28BD0753875C8549AA7F84B2 /* Frameworks */,
			);
			sourceTree = "<group>";
		};
		ECFF0EE61DC9864200A976AE /* Products */ = {
			isa = PBXGroup;
			children = (
				ECFF0EE51DC9864200A976AE /* G1KProject.app */,
				ECFF0EFE1DC9864200A976AE /* G1KProjectTests.xctest */,
				ECFF0F091DC9864200A976AE /* G1KProjectUITests.xctest */,
			);
			name = Products;
			sourceTree = "<group>";
		};
		ECFF0EE71DC9864200A976AE /* G1KProject */ = {
			isa = PBXGroup;
			children = (
				ECCB705A1DD32DF3009DDC69 /* Tools */,
				ECCB70411DD2F01E009DDC69 /* Music */,
				ECFF0F211DC9871900A976AE /* Custom */,
				ECFF0F1F1DC986E200A976AE /* BaseClass */,
				ECFF0F1B1DC9866A00A976AE /* AppDelegate */,
				ECFF0EE81DC9864200A976AE /* Supporting Files */,
				ECFF0F2D1DC990BC00A976AE /* PrefixHeader.pch */,
			);
			path = G1KProject;
			sourceTree = "<group>";
		};
		ECFF0EE81DC9864200A976AE /* Supporting Files */ = {
			isa = PBXGroup;
			children = (
				ECFF0EF91DC9864200A976AE /* Info.plist */,
				ECFF0EF11DC9864200A976AE /* Main.storyboard */,
				ECFF0EF41DC9864200A976AE /* Assets.xcassets */,
				ECFF0EF61DC9864200A976AE /* LaunchScreen.storyboard */,
				ECFF0EE91DC9864200A976AE /* main.m */,
			);
			name = "Supporting Files";
			sourceTree = "<group>";
		};
		ECFF0F011DC9864200A976AE /* G1KProjectTests */ = {
			isa = PBXGroup;
			children = (
				ECFF0F021DC9864200A976AE /* G1KProjectTests.m */,
				ECFF0F041DC9864200A976AE /* Info.plist */,
			);
			path = G1KProjectTests;
			sourceTree = "<group>";
		};
		ECFF0F0C1DC9864200A976AE /* G1KProjectUITests */ = {
			isa = PBXGroup;
			children = (
				ECFF0F0D1DC9864200A976AE /* G1KProjectUITests.m */,
				ECFF0F0F1DC9864200A976AE /* Info.plist */,
			);
			path = G1KProjectUITests;
			sourceTree = "<group>";
		};
		ECFF0F1B1DC9866A00A976AE /* AppDelegate */ = {
			isa = PBXGroup;
			children = (
				ECFF0F1C1DC986A500A976AE /* G1KAppDelegate.h */,
				ECFF0F1D1DC986A500A976AE /* G1KAppDelegate.m */,
			);
			name = AppDelegate;
			sourceTree = "<group>";
		};
		ECFF0F1F1DC986E200A976AE /* BaseClass */ = {
			isa = PBXGroup;
			children = (
				ECFF0F311DC9AA7200A976AE /* G1KHomeViewController.h */,
				ECFF0F321DC9AA7200A976AE /* G1KHomeViewController.m */,
				ECFF0F341DC9AA7E00A976AE /* G1KDicoverViewController.h */,
				ECFF0F351DC9AA7E00A976AE /* G1KDicoverViewController.m */,
				ECFF0F371DC9AA8900A976AE /* G1KMyViewController.h */,
				ECFF0F381DC9AA8900A976AE /* G1KMyViewController.m */,
				ECFF0F3A1DC9AA9100A976AE /* G1KThemViewController.h */,
				ECFF0F3B1DC9AA9100A976AE /* G1KThemViewController.m */,
			);
			name = BaseClass;
			sourceTree = "<group>";
		};
		ECFF0F201DC986FE00A976AE /* CustomTabbar */ = {
			isa = PBXGroup;
			children = (
				ECFF0F251DC987CE00A976AE /* BarView */,
				ECFF0F241DC9876100A976AE /* Button */,
				ECFF0F231DC9875500A976AE /* TabBarController */,
			);
			name = CustomTabbar;
			sourceTree = "<group>";
		};
		ECFF0F211DC9871900A976AE /* Custom */ = {
			isa = PBXGroup;
			children = (
				ECFA2EA61DD1734C0079BD3F /* G1KView */,
				ECFA2EA51DD1663A0079BD3F /* G1KRefresh */,
				ECFF0F4D1DC9EB8E00A976AE /* G1KTabPage */,
				ECFF0F401DC9C4EB00A976AE /* CustomTab */,
				ECFF0F221DC9872B00A976AE /* CustomNav */,
				ECFF0F201DC986FE00A976AE /* CustomTabbar */,
			);
			name = Custom;
			sourceTree = "<group>";
		};
		ECFF0F221DC9872B00A976AE /* CustomNav */ = {
			isa = PBXGroup;
			children = (
				ECFF0F3D1DC9AE1000A976AE /* G1KNavigationController.h */,
				ECFF0F3E1DC9AE1000A976AE /* G1KNavigationController.m */,
			);
			name = CustomNav;
			sourceTree = "<group>";
		};
		ECFF0F231DC9875500A976AE /* TabBarController */ = {
			isa = PBXGroup;
			children = (
				ECFF0F2E1DC99A5C00A976AE /* G1KTabBarController.h */,
				ECFF0F2F1DC99A5C00A976AE /* G1KTabBarController.m */,
			);
			name = TabBarController;
			sourceTree = "<group>";
		};
		ECFF0F241DC9876100A976AE /* Button */ = {
			isa = PBXGroup;
			children = (
				ECFF0F291DC98C9500A976AE /* G1KTabButton.h */,
				ECFF0F2A1DC98C9600A976AE /* G1KTabButton.m */,
			);
			name = Button;
			sourceTree = "<group>";
		};
		ECFF0F251DC987CE00A976AE /* BarView */ = {
			isa = PBXGroup;
			children = (
				ECFF0F261DC987F300A976AE /* G1KTabBarView.h */,
				ECFF0F271DC987F300A976AE /* G1KTabBarView.m */,
			);
			name = BarView;
			sourceTree = "<group>";
		};
		ECFF0F401DC9C4EB00A976AE /* CustomTab */ = {
			isa = PBXGroup;
			children = (
				ECFF0F411DC9C53E00A976AE /* G1KTopTabView.h */,
				ECFF0F421DC9C53E00A976AE /* G1KTopTabView.m */,
			);
			name = CustomTab;
			sourceTree = "<group>";
		};
		ECFF0F4D1DC9EB8E00A976AE /* G1KTabPage */ = {
			isa = PBXGroup;
			children = (
				ECFF0F4E1DC9EBAF00A976AE /* G1KPageViewController.h */,
				ECFF0F4F1DC9EBAF00A976AE /* G1KPageViewController.m */,
				ECEF8EF61DCC5B1500B2BDAC /* G1KTopView.h */,
				ECEF8EF71DCC5B1500B2BDAC /* G1KTopView.m */,
				ECEF8EF91DCC5DFF00B2BDAC /* G1KCollectionViewCell.h */,
				ECEF8EFA1DCC5DFF00B2BDAC /* G1KCollectionViewCell.m */,
			);
			name = G1KTabPage;
			sourceTree = "<group>";
		};
/* End PBXGroup section */

/* Begin PBXNativeTarget section */
		ECFF0EE41DC9864200A976AE /* G1KProject */ = {
			isa = PBXNativeTarget;
			buildConfigurationList = ECFF0F121DC9864200A976AE /* Build configuration list for PBXNativeTarget "G1KProject" */;
			buildPhases = (
				03230B3C323CCE67E062F1A7 /* Check Pods Manifest.lock */,
				ECFF0EE11DC9864200A976AE /* Sources */,
				ECFF0EE21DC9864200A976AE /* Frameworks */,
				ECFF0EE31DC9864200A976AE /* Resources */,
				AF028E384B790FC3CDDE9956 /* Embed Pods Frameworks */,
				E681767651A1E91BB97DA804 /* Copy Pods Resources */,
			);
			buildRules = (
			);
			dependencies = (
			);
			name = G1KProject;
			productName = G1KProject;
			productReference = ECFF0EE51DC9864200A976AE /* G1KProject.app */;
			productType = "com.apple.product-type.application";
		};
		ECFF0EFD1DC9864200A976AE /* G1KProjectTests */ = {
			isa = PBXNativeTarget;
			buildConfigurationList = ECFF0F151DC9864200A976AE /* Build configuration list for PBXNativeTarget "G1KProjectTests" */;
			buildPhases = (
				ECFF0EFA1DC9864200A976AE /* Sources */,
				ECFF0EFB1DC9864200A976AE /* Frameworks */,
				ECFF0EFC1DC9864200A976AE /* Resources */,
			);
			buildRules = (
			);
			dependencies = (
				ECFF0F001DC9864200A976AE /* PBXTargetDependency */,
			);
			name = G1KProjectTests;
			productName = G1KProjectTests;
			productReference = ECFF0EFE1DC9864200A976AE /* G1KProjectTests.xctest */;
			productType = "com.apple.product-type.bundle.unit-test";
		};
		ECFF0F081DC9864200A976AE /* G1KProjectUITests */ = {
			isa = PBXNativeTarget;
			buildConfigurationList = ECFF0F181DC9864200A976AE /* Build configuration list for PBXNativeTarget "G1KProjectUITests" */;
			buildPhases = (
				ECFF0F051DC9864200A976AE /* Sources */,
				ECFF0F061DC9864200A976AE /* Frameworks */,
				ECFF0F071DC9864200A976AE /* Resources */,
			);
			buildRules = (
			);
			dependencies = (
				ECFF0F0B1DC9864200A976AE /* PBXTargetDependency */,
			);
			name = G1KProjectUITests;
			productName = G1KProjectUITests;
			productReference = ECFF0F091DC9864200A976AE /* G1KProjectUITests.xctest */;
			productType = "com.apple.product-type.bundle.ui-testing";
		};
/* End PBXNativeTarget section */

/* Begin PBXProject section */
		ECFF0EDD1DC9864200A976AE /* Project object */ = {
			isa = PBXProject;
			attributes = {
				CLASSPREFIX = G1K;
				LastUpgradeCheck = 0800;
				ORGANIZATIONNAME = SOBF;
				TargetAttributes = {
					ECFF0EE41DC9864200A976AE = {
						CreatedOnToolsVersion = 8.0;
						DevelopmentTeam = 4B938222ZG;
						ProvisioningStyle = Automatic;
					};
					ECFF0EFD1DC9864200A976AE = {
						CreatedOnToolsVersion = 8.0;
						DevelopmentTeam = 4B938222ZG;
						ProvisioningStyle = Automatic;
						TestTargetID = ECFF0EE41DC9864200A976AE;
					};
					ECFF0F081DC9864200A976AE = {
						CreatedOnToolsVersion = 8.0;
						DevelopmentTeam = 4B938222ZG;
						ProvisioningStyle = Automatic;
						TestTargetID = ECFF0EE41DC9864200A976AE;
					};
				};
			};
			buildConfigurationList = ECFF0EE01DC9864200A976AE /* Build configuration list for PBXProject "G1KProject" */;
			compatibilityVersion = "Xcode 3.2";
			developmentRegion = English;
			hasScannedForEncodings = 0;
			knownRegions = (
				en,
				Base,
			);
			mainGroup = ECFF0EDC1DC9864200A976AE;
			productRefGroup = ECFF0EE61DC9864200A976AE /* Products */;
			projectDirPath = "";
			projectRoot = "";
			targets = (
				ECFF0EE41DC9864200A976AE /* G1KProject */,
				ECFF0EFD1DC9864200A976AE /* G1KProjectTests */,
				ECFF0F081DC9864200A976AE /* G1KProjectUITests */,
			);
		};
/* End PBXProject section */

/* Begin PBXResourcesBuildPhase section */
		ECFF0EE31DC9864200A976AE /* Resources */ = {
			isa = PBXResourcesBuildPhase;
			buildActionMask = 2147483647;
			files = (
				ECCB70531DD2F1A2009DDC69 /* musicPaper.json in Resources */,
				ECFF0EF81DC9864200A976AE /* LaunchScreen.storyboard in Resources */,
				EC68578E1DD47F3800E4C870 /* G1KPlayerViewController.xib in Resources */,
				ECFF0EF51DC9864200A976AE /* Assets.xcassets in Resources */,
				ECFF0EF31DC9864200A976AE /* Main.storyboard in Resources */,
			);
			runOnlyForDeploymentPostprocessing = 0;
		};
		ECFF0EFC1DC9864200A976AE /* Resources */ = {
			isa = PBXResourcesBuildPhase;
			buildActionMask = 2147483647;
			files = (
			);
			runOnlyForDeploymentPostprocessing = 0;
		};
		ECFF0F071DC9864200A976AE /* Resources */ = {
			isa = PBXResourcesBuildPhase;
			buildActionMask = 2147483647;
			files = (
			);
			runOnlyForDeploymentPostprocessing = 0;
		};
/* End PBXResourcesBuildPhase section */

/* Begin PBXShellScriptBuildPhase section */
		03230B3C323CCE67E062F1A7 /* Check Pods Manifest.lock */ = {
			isa = PBXShellScriptBuildPhase;
			buildActionMask = 2147483647;
			files = (
			);
			inputPaths = (
			);
			name = "Check Pods Manifest.lock";
			outputPaths = (
			);
			runOnlyForDeploymentPostprocessing = 0;
			shellPath = /bin/sh;
			shellScript = "diff \"${PODS_ROOT}/../Podfile.lock\" \"${PODS_ROOT}/Manifest.lock\" > /dev/null\nif [[ $? != 0 ]] ; then\n    cat << EOM\nerror: The sandbox is not in sync with the Podfile.lock. Run 'pod install' or update your CocoaPods installation.\nEOM\n    exit 1\nfi\n";
			showEnvVarsInLog = 0;
		};
		AF028E384B790FC3CDDE9956 /* Embed Pods Frameworks */ = {
			isa = PBXShellScriptBuildPhase;
			buildActionMask = 2147483647;
			files = (
			);
			inputPaths = (
			);
			name = "Embed Pods Frameworks";
			outputPaths = (
			);
			runOnlyForDeploymentPostprocessing = 0;
			shellPath = /bin/sh;
			shellScript = "\"${SRCROOT}/Pods/Target Support Files/Pods/Pods-frameworks.sh\"\n";
			showEnvVarsInLog = 0;
		};
		E681767651A1E91BB97DA804 /* Copy Pods Resources */ = {
			isa = PBXShellScriptBuildPhase;
			buildActionMask = 2147483647;
			files = (
			);
			inputPaths = (
			);
			name = "Copy Pods Resources";
			outputPaths = (
			);
			runOnlyForDeploymentPostprocessing = 0;
			shellPath = /bin/sh;
			shellScript = "\"${SRCROOT}/Pods/Target Support Files/Pods/Pods-resources.sh\"\n";
			showEnvVarsInLog = 0;
		};
/* End PBXShellScriptBuildPhase section */

/* Begin PBXSourcesBuildPhase section */
		ECFF0EE11DC9864200A976AE /* Sources */ = {
			isa = PBXSourcesBuildPhase;
			buildActionMask = 2147483647;
			files = (
				ECD9DB711DD41CE80029B282 /* G1KPlayerViewController.m in Sources */,
				ECD9DB751DD421360029B282 /* G1KPlayerViewController+G1KExtension.m in Sources */,
				ECFF0F391DC9AA8900A976AE /* G1KMyViewController.m in Sources */,
				ECFF0F361DC9AA7E00A976AE /* G1KDicoverViewController.m in Sources */,
				ECFF0F1E1DC986A500A976AE /* G1KAppDelegate.m in Sources */,
				ECCB70591DD312F1009DDC69 /* G1KRotaionView.m in Sources */,
				ECFF0EEA1DC9864200A976AE /* main.m in Sources */,
				ECFF0F301DC99A5C00A976AE /* G1KTabBarController.m in Sources */,
				ECBD15711DD55D7B005C7B78 /* UIImage+ImageEffects.m in Sources */,
				ECCB705D1DD32E19009DDC69 /* NSString+G1KTimeChangeStr.m in Sources */,
				ECFF0F501DC9EBAF00A976AE /* G1KPageViewController.m in Sources */,
				ECCB70441DD2F052009DDC69 /* G1KMusicViewController.m in Sources */,
				ECD9DB781DD423D80029B282 /* UIImage+G1KExstension.m in Sources */,
				ECFF0F331DC9AA7200A976AE /* G1KHomeViewController.m in Sources */,
				ECFA2EAD1DD1740B0079BD3F /* UIView+G1KExtension.m in Sources */,
				ECCB704A1DD2F14C009DDC69 /* G1KMusicModel.m in Sources */,
				ECFF0F281DC987F300A976AE /* G1KTabBarView.m in Sources */,
				ECEF8EF81DCC5B1500B2BDAC /* G1KTopView.m in Sources */,
				ECFF0F3F1DC9AE1000A976AE /* G1KNavigationController.m in Sources */,
				ECFF0F431DC9C53E00A976AE /* G1KTopTabView.m in Sources */,
				ECFF0F3C1DC9AA9100A976AE /* G1KThemViewController.m in Sources */,
				ECEF8EFB1DCC5DFF00B2BDAC /* G1KCollectionViewCell.m in Sources */,
				ECFF0F2B1DC98C9600A976AE /* G1KTabButton.m in Sources */,
			);
			runOnlyForDeploymentPostprocessing = 0;
		};
		ECFF0EFA1DC9864200A976AE /* Sources */ = {
			isa = PBXSourcesBuildPhase;
			buildActionMask = 2147483647;
			files = (
				ECFF0F031DC9864200A976AE /* G1KProjectTests.m in Sources */,
			);
			runOnlyForDeploymentPostprocessing = 0;
		};
		ECFF0F051DC9864200A976AE /* Sources */ = {
			isa = PBXSourcesBuildPhase;
			buildActionMask = 2147483647;
			files = (
				ECFF0F0E1DC9864200A976AE /* G1KProjectUITests.m in Sources */,
			);
			runOnlyForDeploymentPostprocessing = 0;
		};
/* End PBXSourcesBuildPhase section */

/* Begin PBXTargetDependency section */
		ECFF0F001DC9864200A976AE /* PBXTargetDependency */ = {
			isa = PBXTargetDependency;
			target = ECFF0EE41DC9864200A976AE /* G1KProject */;
			targetProxy = ECFF0EFF1DC9864200A976AE /* PBXContainerItemProxy */;
		};
		ECFF0F0B1DC9864200A976AE /* PBXTargetDependency */ = {
			isa = PBXTargetDependency;
			target = ECFF0EE41DC9864200A976AE /* G1KProject */;
			targetProxy = ECFF0F0A1DC9864200A976AE /* PBXContainerItemProxy */;
		};
/* End PBXTargetDependency section */

/* Begin PBXVariantGroup section */
		ECFF0EF11DC9864200A976AE /* Main.storyboard */ = {
			isa = PBXVariantGroup;
			children = (
				ECFF0EF21DC9864200A976AE /* Base */,
			);
			name = Main.storyboard;
			sourceTree = "<group>";
		};
		ECFF0EF61DC9864200A976AE /* LaunchScreen.storyboard */ = {
			isa = PBXVariantGroup;
			children = (
				ECFF0EF71DC9864200A976AE /* Base */,
			);
			name = LaunchScreen.storyboard;
			sourceTree = "<group>";
		};
/* End PBXVariantGroup section */

/* Begin XCBuildConfiguration section */
		ECFF0F101DC9864200A976AE /* Debug */ = {
			isa = XCBuildConfiguration;
			buildSettings = {
				ALWAYS_SEARCH_USER_PATHS = NO;
				CLANG_ANALYZER_NONNULL = YES;
				CLANG_CXX_LANGUAGE_STANDARD = "gnu++0x";
				CLANG_CXX_LIBRARY = "libc++";
				CLANG_ENABLE_MODULES = YES;
				CLANG_ENABLE_OBJC_ARC = YES;
				CLANG_WARN_BOOL_CONVERSION = YES;
				CLANG_WARN_CONSTANT_CONVERSION = YES;
				CLANG_WARN_DIRECT_OBJC_ISA_USAGE = YES_ERROR;
				CLANG_WARN_DOCUMENTATION_COMMENTS = YES;
				CLANG_WARN_EMPTY_BODY = YES;
				CLANG_WARN_ENUM_CONVERSION = YES;
				CLANG_WARN_INFINITE_RECURSION = YES;
				CLANG_WARN_INT_CONVERSION = YES;
				CLANG_WARN_OBJC_ROOT_CLASS = YES_ERROR;
				CLANG_WARN_SUSPICIOUS_MOVES = YES;
				CLANG_WARN_UNREACHABLE_CODE = YES;
				CLANG_WARN__DUPLICATE_METHOD_MATCH = YES;
				"CODE_SIGN_IDENTITY[sdk=iphoneos*]" = "iPhone Developer";
				COPY_PHASE_STRIP = NO;
				DEBUG_INFORMATION_FORMAT = dwarf;
				ENABLE_STRICT_OBJC_MSGSEND = YES;
				ENABLE_TESTABILITY = YES;
				GCC_C_LANGUAGE_STANDARD = gnu99;
				GCC_DYNAMIC_NO_PIC = NO;
				GCC_NO_COMMON_BLOCKS = YES;
				GCC_OPTIMIZATION_LEVEL = 0;
				GCC_PREPROCESSOR_DEFINITIONS = (
					"DEBUG=1",
					"$(inherited)",
				);
				GCC_WARN_64_TO_32_BIT_CONVERSION = YES;
				GCC_WARN_ABOUT_RETURN_TYPE = YES_ERROR;
				GCC_WARN_UNDECLARED_SELECTOR = YES;
				GCC_WARN_UNINITIALIZED_AUTOS = YES_AGGRESSIVE;
				GCC_WARN_UNUSED_FUNCTION = YES;
				GCC_WARN_UNUSED_VARIABLE = YES;
				IPHONEOS_DEPLOYMENT_TARGET = 10.0;
				MTL_ENABLE_DEBUG_INFO = YES;
				ONLY_ACTIVE_ARCH = YES;
				SDKROOT = iphoneos;
				TARGETED_DEVICE_FAMILY = "1,2";
			};
			name = Debug;
		};
		ECFF0F111DC9864200A976AE /* Release */ = {
			isa = XCBuildConfiguration;
			buildSettings = {
				ALWAYS_SEARCH_USER_PATHS = NO;
				CLANG_ANALYZER_NONNULL = YES;
				CLANG_CXX_LANGUAGE_STANDARD = "gnu++0x";
				CLANG_CXX_LIBRARY = "libc++";
				CLANG_ENABLE_MODULES = YES;
				CLANG_ENABLE_OBJC_ARC = YES;
				CLANG_WARN_BOOL_CONVERSION = YES;
				CLANG_WARN_CONSTANT_CONVERSION = YES;
				CLANG_WARN_DIRECT_OBJC_ISA_USAGE = YES_ERROR;
				CLANG_WARN_DOCUMENTATION_COMMENTS = YES;
				CLANG_WARN_EMPTY_BODY = YES;
				CLANG_WARN_ENUM_CONVERSION = YES;
				CLANG_WARN_INFINITE_RECURSION = YES;
				CLANG_WARN_INT_CONVERSION = YES;
				CLANG_WARN_OBJC_ROOT_CLASS = YES_ERROR;
				CLANG_WARN_SUSPICIOUS_MOVES = YES;
				CLANG_WARN_UNREACHABLE_CODE = YES;
				CLANG_WARN__DUPLICATE_METHOD_MATCH = YES;
				"CODE_SIGN_IDENTITY[sdk=iphoneos*]" = "iPhone Developer";
				COPY_PHASE_STRIP = NO;
				DEBUG_INFORMATION_FORMAT = "dwarf-with-dsym";
				ENABLE_NS_ASSERTIONS = NO;
				ENABLE_STRICT_OBJC_MSGSEND = YES;
				GCC_C_LANGUAGE_STANDARD = gnu99;
				GCC_NO_COMMON_BLOCKS = YES;
				GCC_WARN_64_TO_32_BIT_CONVERSION = YES;
				GCC_WARN_ABOUT_RETURN_TYPE = YES_ERROR;
				GCC_WARN_UNDECLARED_SELECTOR = YES;
				GCC_WARN_UNINITIALIZED_AUTOS = YES_AGGRESSIVE;
				GCC_WARN_UNUSED_FUNCTION = YES;
				GCC_WARN_UNUSED_VARIABLE = YES;
				IPHONEOS_DEPLOYMENT_TARGET = 10.0;
				MTL_ENABLE_DEBUG_INFO = NO;
				SDKROOT = iphoneos;
				TARGETED_DEVICE_FAMILY = "1,2";
				VALIDATE_PRODUCT = YES;
			};
			name = Release;
		};
		ECFF0F131DC9864200A976AE /* Debug */ = {
			isa = XCBuildConfiguration;
			baseConfigurationReference = 08CBB6B90D0783F65ACBB926 /* Pods.debug.xcconfig */;
			buildSettings = {
				ASSETCATALOG_COMPILER_APPICON_NAME = AppIcon;
				DEVELOPMENT_TEAM = 4B938222ZG;
				GCC_PREFIX_HEADER = "$(SRCROOT)/G1KProject/PrefixHeader.pch";
				INFOPLIST_FILE = G1KProject/Info.plist;
				IPHONEOS_DEPLOYMENT_TARGET = 8.4;
				LD_RUNPATH_SEARCH_PATHS = "$(inherited) @executable_path/Frameworks";
				PRODUCT_BUNDLE_IDENTIFIER = com.sobf.G1KProject;
				PRODUCT_NAME = "$(TARGET_NAME)";
			};
			name = Debug;
		};
		ECFF0F141DC9864200A976AE /* Release */ = {
			isa = XCBuildConfiguration;
			baseConfigurationReference = 1464CBE238F892E1E9D9D738 /* Pods.release.xcconfig */;
			buildSettings = {
				ASSETCATALOG_COMPILER_APPICON_NAME = AppIcon;
				DEVELOPMENT_TEAM = 4B938222ZG;
				GCC_PREFIX_HEADER = "$(SRCROOT)/G1KProject/PrefixHeader.pch";
				INFOPLIST_FILE = G1KProject/Info.plist;
				IPHONEOS_DEPLOYMENT_TARGET = 8.4;
				LD_RUNPATH_SEARCH_PATHS = "$(inherited) @executable_path/Frameworks";
				PRODUCT_BUNDLE_IDENTIFIER = com.sobf.G1KProject;
				PRODUCT_NAME = "$(TARGET_NAME)";
			};
			name = Release;
		};
		ECFF0F161DC9864200A976AE /* Debug */ = {
			isa = XCBuildConfiguration;
			buildSettings = {
				BUNDLE_LOADER = "$(TEST_HOST)";
				DEVELOPMENT_TEAM = 4B938222ZG;
				INFOPLIST_FILE = G1KProjectTests/Info.plist;
				LD_RUNPATH_SEARCH_PATHS = "$(inherited) @executable_path/Frameworks @loader_path/Frameworks";
				PRODUCT_BUNDLE_IDENTIFIER = com.sobf.G1KProjectTests;
				PRODUCT_NAME = "$(TARGET_NAME)";
				TEST_HOST = "$(BUILT_PRODUCTS_DIR)/G1KProject.app/G1KProject";
			};
			name = Debug;
		};
		ECFF0F171DC9864200A976AE /* Release */ = {
			isa = XCBuildConfiguration;
			buildSettings = {
				BUNDLE_LOADER = "$(TEST_HOST)";
				DEVELOPMENT_TEAM = 4B938222ZG;
				INFOPLIST_FILE = G1KProjectTests/Info.plist;
				LD_RUNPATH_SEARCH_PATHS = "$(inherited) @executable_path/Frameworks @loader_path/Frameworks";
				PRODUCT_BUNDLE_IDENTIFIER = com.sobf.G1KProjectTests;
				PRODUCT_NAME = "$(TARGET_NAME)";
				TEST_HOST = "$(BUILT_PRODUCTS_DIR)/G1KProject.app/G1KProject";
			};
			name = Release;
		};
		ECFF0F191DC9864200A976AE /* Debug */ = {
			isa = XCBuildConfiguration;
			buildSettings = {
				DEVELOPMENT_TEAM = 4B938222ZG;
				INFOPLIST_FILE = G1KProjectUITests/Info.plist;
				LD_RUNPATH_SEARCH_PATHS = "$(inherited) @executable_path/Frameworks @loader_path/Frameworks";
				PRODUCT_BUNDLE_IDENTIFIER = com.sobf.G1KProjectUITests;
				PRODUCT_NAME = "$(TARGET_NAME)";
				TEST_TARGET_NAME = G1KProject;
			};
			name = Debug;
		};
		ECFF0F1A1DC9864200A976AE /* Release */ = {
			isa = XCBuildConfiguration;
			buildSettings = {
				DEVELOPMENT_TEAM = 4B938222ZG;
				INFOPLIST_FILE = G1KProjectUITests/Info.plist;
				LD_RUNPATH_SEARCH_PATHS = "$(inherited) @executable_path/Frameworks @loader_path/Frameworks";
				PRODUCT_BUNDLE_IDENTIFIER = com.sobf.G1KProjectUITests;
				PRODUCT_NAME = "$(TARGET_NAME)";
				TEST_TARGET_NAME = G1KProject;
			};
			name = Release;
		};
/* End XCBuildConfiguration section */

/* Begin XCConfigurationList section */
		ECFF0EE01DC9864200A976AE /* Build configuration list for PBXProject "G1KProject" */ = {
			isa = XCConfigurationList;
			buildConfigurations = (
				ECFF0F101DC9864200A976AE /* Debug */,
				ECFF0F111DC9864200A976AE /* Release */,
			);
			defaultConfigurationIsVisible = 0;
			defaultConfigurationName = Release;
		};
		ECFF0F121DC9864200A976AE /* Build configuration list for PBXNativeTarget "G1KProject" */ = {
			isa = XCConfigurationList;
			buildConfigurations = (
				ECFF0F131DC9864200A976AE /* Debug */,
				ECFF0F141DC9864200A976AE /* Release */,
			);
			defaultConfigurationIsVisible = 0;
			defaultConfigurationName = Release;
		};
		ECFF0F151DC9864200A976AE /* Build configuration list for PBXNativeTarget "G1KProjectTests" */ = {
			isa = XCConfigurationList;
			buildConfigurations = (
				ECFF0F161DC9864200A976AE /* Debug */,
				ECFF0F171DC9864200A976AE /* Release */,
			);
			defaultConfigurationIsVisible = 0;
			defaultConfigurationName = Release;
		};
		ECFF0F181DC9864200A976AE /* Build configuration list for PBXNativeTarget "G1KProjectUITests" */ = {
			isa = XCConfigurationList;
			buildConfigurations = (
				ECFF0F191DC9864200A976AE /* Debug */,
				ECFF0F1A1DC9864200A976AE /* Release */,
			);
			defaultConfigurationIsVisible = 0;
			defaultConfigurationName = Release;
		};
/* End XCConfigurationList section */
	};
	rootObject = ECFF0EDD1DC9864200A976AE /* Project object */;
}
